Microsoft Visual Studio Solution File, Format Version 12.00
# Visual Studio Version 17
VisualStudioVersion = 17.0.31717.71
MinimumVisualStudioVersion = 10.0.40219.1
Project("{9A19103F-16F7-4668-BE54-9A1E7A4F7556}") = "Thaniwasi.Client", "src\Presentation\Client\Thaniwasi.Client.csproj", "{593E4A56-2416-42EE-9F07-91C4A20094FA}"
EndProject
Project("{2150E333-8FDC-42A3-9474-1A3956D46DE8}") = "Misc", "src\Presentation\Client\Misc", "{4969346B-4413-4669-9F23-D96C6A2DC3C8}"
	ProjectSection(SolutionItems) = preProject
		.github\workflows\azure-static-web-apps-brave-coast-0096af31e.yml = .github\workflows\azure-static-web-apps-brave-coast-0096af31e.yml
		LICENSE.md = LICENSE.md
		README.md = README.md
	EndProjectSection
EndProject
Project("{2150E333-8FDC-42A3-9474-1A3956D46DE8}") = "src", "src", "{1CEF83C3-DA4F-496E-88E5-6FF0D3FE0322}"
EndProject
Project("{2150E333-8FDC-42A3-9474-1A3956D46DE8}") = "tests", "tests", "{8044A969-7DDE-4583-AA25-7BDB7B904B98}"
EndProject
Project("{2150E333-8FDC-42A3-9474-1A3956D46DE8}") = "Core", "Core", "{5A2B9756-68EE-4E05-9682-DD385BED1471}"
EndProject
Project("{2150E333-8FDC-42A3-9474-1A3956D46DE8}") = "Infrastructure", "Infrastructure", "{AB29E858-3E42-4634-B60B-56D49DB62CA3}"
EndProject
Project("{2150E333-8FDC-42A3-9474-1A3956D46DE8}") = "Presentation", "Presentation", "{895AE792-5B7B-4686-9011-6EB2804CFCC9}"
EndProject
Project("{2150E333-8FDC-42A3-9474-1A3956D46DE8}") = "Client", "Client", "{C92EFBC3-C9E3-44FD-9502-37C80C41E62B}"
EndProject
Project("{2150E333-8FDC-42A3-9474-1A3956D46DE8}") = "Server", "Server", "{3365B027-756A-422A-BDF3-239EBD36DC28}"
EndProject
Project("{2150E333-8FDC-42A3-9474-1A3956D46DE8}") = "Shared", "Shared", "{5A36E640-E0E5-41F0-B435-E0C470A6ECE8}"
EndProject
Global
	GlobalSection(SolutionConfigurationPlatforms) = preSolution
		Debug|Any CPU = Debug|Any CPU
		Release|Any CPU = Release|Any CPU
	EndGlobalSection
	GlobalSection(ProjectConfigurationPlatforms) = postSolution
		{593E4A56-2416-42EE-9F07-91C4A20094FA}.Debug|Any CPU.ActiveCfg = Debug|Any CPU
		{593E4A56-2416-42EE-9F07-91C4A20094FA}.Debug|Any CPU.Build.0 = Debug|Any CPU
		{593E4A56-2416-42EE-9F07-91C4A20094FA}.Release|Any CPU.ActiveCfg = Release|Any CPU
		{593E4A56-2416-42EE-9F07-91C4A20094FA}.Release|Any CPU.Build.0 = Release|Any CPU
	EndGlobalSection
	GlobalSection(SolutionProperties) = preSolution
		HideSolutionNode = FALSE
	EndGlobalSection
	GlobalSection(NestedProjects) = preSolution
		{593E4A56-2416-42EE-9F07-91C4A20094FA} = {C92EFBC3-C9E3-44FD-9502-37C80C41E62B}
		{5A2B9756-68EE-4E05-9682-DD385BED1471} = {1CEF83C3-DA4F-496E-88E5-6FF0D3FE0322}
		{AB29E858-3E42-4634-B60B-56D49DB62CA3} = {1CEF83C3-DA4F-496E-88E5-6FF0D3FE0322}
		{895AE792-5B7B-4686-9011-6EB2804CFCC9} = {1CEF83C3-DA4F-496E-88E5-6FF0D3FE0322}
		{C92EFBC3-C9E3-44FD-9502-37C80C41E62B} = {895AE792-5B7B-4686-9011-6EB2804CFCC9}
		{3365B027-756A-422A-BDF3-239EBD36DC28} = {895AE792-5B7B-4686-9011-6EB2804CFCC9}
		{5A36E640-E0E5-41F0-B435-E0C470A6ECE8} = {895AE792-5B7B-4686-9011-6EB2804CFCC9}
	EndGlobalSection
	GlobalSection(ExtensibilityGlobals) = postSolution
		SolutionGuid = {091FA924-483D-4E1F-B183-CCB0B0760F66}
	EndGlobalSection
EndGlobal
